
Microsoft Visual Studio Solution File, Format Version 12.00
# Visual Studio Version 16
VisualStudioVersion = 16.0.34601.136
MinimumVisualStudioVersion = 10.0.40219.1
Project("{FAE04EC0-301F-11D3-BF4B-00C04F79EFBC}") = "LoiChao", "LoiChao\LoiChao.csproj", "{722C9BDD-5509-4828-9E7D-3E396EDC252A}"
EndProject
Project("{FAE04EC0-301F-11D3-BF4B-00C04F79EFBC}") = "CSharpCanBan", "CSharpCanBan\CSharpCanBan.csproj", "{8BA9ADCD-3620-4C8E-A789-115C3BFCB8A2}"
EndProject
Project("{FAE04EC0-301F-11D3-BF4B-00C04F79EFBC}") = "TamGiac", "TamGiac\TamGiac.csproj", "{917C386A-48D2-4467-946F-587381140247}"
EndProject
Project("{FAE04EC0-301F-11D3-BF4B-00C04F79EFBC}") = "XepLoaiHS", "XepLoaiHS\XepLoaiHS.csproj", "{C74F623B-AADB-4761-866F-BA4EA1609B87}"
EndProject
Project("{FAE04EC0-301F-11D3-BF4B-00C04F79EFBC}") = "TongChuoi", "TongChuoi\TongChuoi.csproj", "{FC11BE96-8230-47FE-B9F2-DD01898FF869}"
EndProject
Global
	GlobalSection(SolutionConfigurationPlatforms) = preSolution
		Debug|Any CPU = Debug|Any CPU
		Release|Any CPU = Release|Any CPU
	EndGlobalSection
	GlobalSection(ProjectConfigurationPlatforms) = postSolution
		{722C9BDD-5509-4828-9E7D-3E396EDC252A}.Debug|Any CPU.ActiveCfg = Debug|Any CPU
		{722C9BDD-5509-4828-9E7D-3E396EDC252A}.Debug|Any CPU.Build.0 = Debug|Any CPU
		{722C9BDD-5509-4828-9E7D-3E396EDC252A}.Release|Any CPU.ActiveCfg = Release|Any CPU
		{722C9BDD-5509-4828-9E7D-3E396EDC252A}.Release|Any CPU.Build.0 = Release|Any CPU
		{8BA9ADCD-3620-4C8E-A789-115C3BFCB8A2}.Debug|Any CPU.ActiveCfg = Debug|Any CPU
		{8BA9ADCD-3620-4C8E-A789-115C3BFCB8A2}.Debug|Any CPU.Build.0 = Debug|Any CPU
		{8BA9ADCD-3620-4C8E-A789-115C3BFCB8A2}.Release|Any CPU.ActiveCfg = Release|Any CPU
		{8BA9ADCD-3620-4C8E-A789-115C3BFCB8A2}.Release|Any CPU.Build.0 = Release|Any CPU
		{917C386A-48D2-4467-946F-587381140247}.Debug|Any CPU.ActiveCfg = Debug|Any CPU
		{917C386A-48D2-4467-946F-587381140247}.Debug|Any CPU.Build.0 = Debug|Any CPU
		{917C386A-48D2-4467-946F-587381140247}.Release|Any CPU.ActiveCfg = Release|Any CPU
		{917C386A-48D2-4467-946F-587381140247}.Release|Any CPU.Build.0 = Release|Any CPU
		{C74F623B-AADB-4761-866F-BA4EA1609B87}.Debug|Any CPU.ActiveCfg = Debug|Any CPU
		{C74F623B-AADB-4761-866F-BA4EA1609B87}.Debug|Any CPU.Build.0 = Debug|Any CPU
		{C74F623B-AADB-4761-866F-BA4EA1609B87}.Release|Any CPU.ActiveCfg = Release|Any CPU
		{C74F623B-AADB-4761-866F-BA4EA1609B87}.Release|Any CPU.Build.0 = Release|Any CPU
		{FC11BE96-8230-47FE-B9F2-DD01898FF869}.Debug|Any CPU.ActiveCfg = Debug|Any CPU
		{FC11BE96-8230-47FE-B9F2-DD01898FF869}.Debug|Any CPU.Build.0 = Debug|Any CPU
		{FC11BE96-8230-47FE-B9F2-DD01898FF869}.Release|Any CPU.ActiveCfg = Release|Any CPU
		{FC11BE96-8230-47FE-B9F2-DD01898FF869}.Release|Any CPU.Build.0 = Release|Any CPU
	EndGlobalSection
	GlobalSection(SolutionProperties) = preSolution
		HideSolutionNode = FALSE
	EndGlobalSection
	GlobalSection(ExtensibilityGlobals) = postSolution
		SolutionGuid = {E5C514D2-7D90-41BD-801D-43D212801837}
	EndGlobalSection
EndGlobal
